# THIS IS AN AUTOGENERATED FILE. DO NOT EDIT THIS FILE DIRECTLY.
# yarn lockfile v1


graphql@^15.6.0:
  version "15.9.0"
  resolved "https://registry.npmjs.org/graphql/-/graphql-15.9.0.tgz#4e8ca830cfd30b03d44d3edd9cac2b0690304b53"
  integrity sha512-GCOQdvm7XxV1S4U4CGrsdlEN37245eC8P9zaYCMr6K1BG0IPGy5lUwmJsEOGyl1GD6HXjOtl2keCP9asRBwNvA==
