# THIS IS AN AUTOGENERATED FILE. DO NOT EDIT THIS FILE DIRECTLY.
# yarn lockfile v1


graphql@^15.6.0:
  version "15.6.0"
  resolved "https://registry.yarnpkg.com/graphql/-/graphql-15.6.0.tgz#e69323c6a9780a1a4b9ddf7e35ca8904bb04df02"
  integrity sha512-WJR872Zlc9hckiEPhXgyUftXH48jp2EjO5tgBBOyNMRJZ9fviL2mJBD6CAysk6N5S0r9BTs09Qk39nnJBkvOXQ==
