# THIS IS AN AUTOGENERATED FILE. DO NOT EDIT THIS FILE DIRECTLY.
# yarn lockfile v1


graphql@^15.5.3:
  version "15.5.3"
  resolved "https://registry.yarnpkg.com/graphql/-/graphql-15.5.3.tgz#c72349017d5c9f5446a897fe6908b3186db1da00"
  integrity sha512-sM+jXaO5KinTui6lbK/7b7H/Knj9BpjGxZ+Ki35v7YbUJxxdBCUqNM0h3CRVU1ZF9t5lNiBzvBCSYPvIwxPOQA==
