# THIS IS AN AUTOGENERATED FILE. DO NOT EDIT THIS FILE DIRECTLY.
# yarn lockfile v1


commander@^2.20.3:
  version "2.20.3"
  resolved "https://registry.yarnpkg.com/commander/-/commander-2.20.3.tgz#fd485e84c03eb4881c20722ba48035e8531aeb33"
  integrity sha512-GpVkmM8vF2vQUkj2LvZmD35JxeJOLCwJ9cUkugyk2nuhbv3+mJvpLYYt+0+USMxE+oj+ey/lJEnhZw75x/OMcQ==

cssfilter@0.0.10:
  version "0.0.10"
  resolved "https://registry.yarnpkg.com/cssfilter/-/cssfilter-0.0.10.tgz#c6d2672632a2e5c83e013e6864a42ce8defd20ae"
  integrity sha1-xtJnJjKi5cg+AT5oZKQs6N79IK4=

deepmerge@^4.2.2:
  version "4.2.2"
  resolved "https://registry.yarnpkg.com/deepmerge/-/deepmerge-4.2.2.tgz#44d2ea3679b8f4d4ffba33f03d865fc1e7bf4955"
  integrity sha512-FJ3UgI4gIl+PHZm53knsuSFpE+nESMr7M4v9QcgB7S63Kj/6WqMiFQJpBBYz1Pt+66bZpP3Q7Lye0Oo9MPKEdg==

dom-serializer@^2.0.0:
  version "2.0.0"
  resolved "https://registry.yarnpkg.com/dom-serializer/-/dom-serializer-2.0.0.tgz#e41b802e1eedf9f6cae183ce5e622d789d7d8e53"
  integrity sha512-wIkAryiqt/nV5EQKqQpo3SToSOV9J0DnbJqwK7Wv/Trc92zIAYZ4FlMu+JPFW1DfGFt81ZTCGgDEabffXeLyJg==
  dependencies:
    domelementtype "^2.3.0"
    domhandler "^5.0.2"
    entities "^4.2.0"

domelementtype@^2.3.0:
  version "2.3.0"
  resolved "https://registry.yarnpkg.com/domelementtype/-/domelementtype-2.3.0.tgz#5c45e8e869952626331d7aab326d01daf65d589d"
  integrity sha512-OLETBj6w0OsagBwdXnPdN0cnMfF9opN69co+7ZrbfPGrdpPVNBUj02spi6B1N7wChLQiPn4CSH/zJvXw56gmHw==

domhandler@^5.0.2, domhandler@^5.0.3:
  version "5.0.3"
  resolved "https://registry.yarnpkg.com/domhandler/-/domhandler-5.0.3.tgz#cc385f7f751f1d1fc650c21374804254538c7d31"
  integrity sha512-cgwlv/1iFQiFnU96XXgROh8xTeetsnJiDsTc7TYCLFd9+/WNkIqPTxiM/8pSd8VIrhXGTf1Ny1q1hquVqDJB5w==
  dependencies:
    domelementtype "^2.3.0"

domutils@^3.0.1:
  version "3.1.0"
  resolved "https://registry.yarnpkg.com/domutils/-/domutils-3.1.0.tgz#c47f551278d3dc4b0b1ab8cbb42d751a6f0d824e"
  integrity sha512-H78uMmQtI2AhgDJjWeQmHwJJ2bLPD3GMmO7Zja/ZZh84wkm+4ut+IUnUdRa8uCGX88DiVx1j6FRe1XfxEgjEZA==
  dependencies:
    dom-serializer "^2.0.0"
    domelementtype "^2.3.0"
    domhandler "^5.0.3"

entities@^4.2.0, entities@^4.4.0:
  version "4.5.0"
  resolved "https://registry.yarnpkg.com/entities/-/entities-4.5.0.tgz#5d268ea5e7113ec74c4d033b79ea5a35a488fb48"
  integrity sha512-V0hjH4dGPh9Ao5p0MoRY6BVqtwCjhz6vI5LT8AJ55H+4g9/4vbHx1I54fS0XuclLhDHArPQCiMjDxjaL8fPxhw==

escape-string-regexp@^4.0.0:
  version "4.0.0"
  resolved "https://registry.yarnpkg.com/escape-string-regexp/-/escape-string-regexp-4.0.0.tgz#14ba83a5d373e3d311e5afca29cf5bfad965bf34"
  integrity sha512-TtpcNJ3XAzx3Gq8sWRzJaVajRs0uVxA2YAkdb1jm2YkPz4G6egUFAyA3n5vtEIZefPk5Wa4UXbKuS5fKkJWdgA==

htmlparser2@^8.0.0:
  version "8.0.2"
  resolved "https://registry.yarnpkg.com/htmlparser2/-/htmlparser2-8.0.2.tgz#f002151705b383e62433b5cf466f5b716edaec21"
  integrity sha512-GYdjWKDkbRLkZ5geuHs5NY1puJ+PXwP7+fHPRz06Eirsb9ugf6d8kkXav6ADhcODhFFPMIXyxkxSuMf3D6NCFA==
  dependencies:
    domelementtype "^2.3.0"
    domhandler "^5.0.3"
    domutils "^3.0.1"
    entities "^4.4.0"

is-plain-object@^5.0.0:
  version "5.0.0"
  resolved "https://registry.yarnpkg.com/is-plain-object/-/is-plain-object-5.0.0.tgz#4427f50ab3429e9025ea7d52e9043a9ef4159344"
  integrity sha512-VRSzKkbMm5jMDoKLbltAkFQ5Qr7VDiTFGXxYFXXowVj387GeGNOCsOH6Msy00SGZ3Fp84b1Naa1psqgcCIEP5Q==

moment-timezone@^0.5.33:
  version "0.5.34"
  resolved "https://registry.yarnpkg.com/moment-timezone/-/moment-timezone-0.5.34.tgz#a75938f7476b88f155d3504a9343f7519d9a405c"
  integrity sha512-3zAEHh2hKUs3EXLESx/wsgw6IQdusOT8Bxm3D9UrHPQR7zlMmzwybC8zHEM1tQ4LJwP7fcxrWr8tuBg05fFCbg==
  dependencies:
    moment ">= 2.9.0"

"moment@>= 2.9.0":
  version "2.29.1"
  resolved "https://registry.yarnpkg.com/moment/-/moment-2.29.1.tgz#b2be769fa31940be9eeea6469c075e35006fa3d3"
  integrity sha512-kHmoybcPV8Sqy59DwNDY3Jefr64lK/by/da0ViFcuA4DH0vQg5Q6Ze5VimxkfQNSC+Mls/Kx53s7TjP1RhFEDQ==

nanoid@^3.2.0:
  version "3.3.1"
  resolved "https://registry.yarnpkg.com/nanoid/-/nanoid-3.3.1.tgz#6347a18cac88af88f58af0b3594b723d5e99bb35"
  integrity sha512-n6Vs/3KGyxPQd6uO0eH4Bv0ojGSUvuLlIHtC3Y0kEO23YRge8H9x1GCzLn28YX0H66pMkxuaeESFq4tKISKwdw==

parse-srcset@^1.0.2:
  version "1.0.2"
  resolved "https://registry.yarnpkg.com/parse-srcset/-/parse-srcset-1.0.2.tgz#f2bd221f6cc970a938d88556abc589caaaa2bde1"
  integrity sha1-8r0iH2zJcKk42IVWq8WJyqqiveE=

picocolors@^1.0.0:
  version "1.0.0"
  resolved "https://registry.yarnpkg.com/picocolors/-/picocolors-1.0.0.tgz#cb5bdc74ff3f51892236eaf79d68bc44564ab81c"
  integrity sha512-1fygroTLlHu66zi26VoTDv8yRgm0Fccecssto+MhsZ0D/DGW2sm8E8AjW7NU5VVTRt5GxbeZ5qBuJr+HyLYkjQ==

postcss@^8.3.11:
  version "8.4.6"
  resolved "https://registry.yarnpkg.com/postcss/-/postcss-8.4.6.tgz#c5ff3c3c457a23864f32cb45ac9b741498a09ae1"
  integrity sha512-OovjwIzs9Te46vlEx7+uXB0PLijpwjXGKXjVGGPIGubGpq7uh5Xgf6D6FiJ/SzJMBosHDp6a2hiXOS97iBXcaA==
  dependencies:
    nanoid "^3.2.0"
    picocolors "^1.0.0"
    source-map-js "^1.0.2"

sanitize-html@^2.12.1:
  version "2.12.1"
  resolved "https://registry.yarnpkg.com/sanitize-html/-/sanitize-html-2.12.1.tgz#280a0f5c37305222921f6f9d605be1f6558914c7"
  integrity sha512-Plh+JAn0UVDpBRP/xEjsk+xDCoOvMBwQUf/K+/cBAVuTbtX8bj2VB7S1sL1dssVpykqp0/KPSesHrqXtokVBpA==
  dependencies:
    deepmerge "^4.2.2"
    escape-string-regexp "^4.0.0"
    htmlparser2 "^8.0.0"
    is-plain-object "^5.0.0"
    parse-srcset "^1.0.2"
    postcss "^8.3.11"

source-map-js@^1.0.2:
  version "1.0.2"
  resolved "https://registry.yarnpkg.com/source-map-js/-/source-map-js-1.0.2.tgz#adbc361d9c62df380125e7f161f71c826f1e490c"
  integrity sha512-R0XvVJ9WusLiqTCEiGCmICCMplcCkIwwR11mOSD9CR5u+IXYdiseeEuXCVAjS54zqwkLcPNnmU4OeJ6tUrWhDw==

validator@^13.6.0:
  version "13.7.0"
  resolved "https://registry.yarnpkg.com/validator/-/validator-13.7.0.tgz#4f9658ba13ba8f3d82ee881d3516489ea85c0857"
  integrity sha512-nYXQLCBkpJ8X6ltALua9dRrZDHVYxjJ1wgskNt1lH9fzGjs3tgojGSCBjmEPwkWS1y29+DrizMTW19Pr9uB2nw==

xss@^1.0.10:
  version "1.0.10"
  resolved "https://registry.yarnpkg.com/xss/-/xss-1.0.10.tgz#5cd63a9b147a755a14cb0455c7db8866120eb4d2"
  integrity sha512-qmoqrRksmzqSKvgqzN0055UFWY7OKx1/9JWeRswwEVX9fCG5jcYRxa/A2DHcmZX6VJvjzHRQ2STeeVcQkrmLSw==
  dependencies:
    commander "^2.20.3"
    cssfilter "0.0.10"
