# THIS IS AN AUTOGENERATED FILE. DO NOT EDIT THIS FILE DIRECTLY.
# yarn lockfile v1


"@asymmetrik/sof-scope-checker@^1.0.7":
  version "1.0.7"
  resolved "https://registry.yarnpkg.com/@asymmetrik/sof-scope-checker/-/sof-scope-checker-1.0.7.tgz#f56580977ef4b965b3ae41007ce9b7bbba86c920"
  integrity sha512-QzLGDRMaVX/R/iAqQu4MuDV29d/0mvSyT1i4p/C3Xi5sSQXPtSa8e/uUChBfpPGOdbIQv1Uv84tkRifRKUKtZA==

graphql@^15.6.0:
  version "15.6.0"
  resolved "https://registry.yarnpkg.com/graphql/-/graphql-15.6.0.tgz#e69323c6a9780a1a4b9ddf7e35ca8904bb04df02"
  integrity sha512-WJR872Zlc9hckiEPhXgyUftXH48jp2EjO5tgBBOyNMRJZ9fviL2mJBD6CAysk6N5S0r9BTs09Qk39nnJBkvOXQ==
