# THIS IS AN AUTOGENERATED FILE. DO NOT EDIT THIS FILE DIRECTLY.
# yarn lockfile v1


"@babel/runtime-corejs2@^7.2.0":
  version "7.6.2"
  resolved "https://registry.yarnpkg.com/@babel/runtime-corejs2/-/runtime-corejs2-7.6.2.tgz#062f8e31f3df30fc1a3dea68aa1bd854e06e9ba6"
  integrity sha512-wdyVKnTv9Be4YlwF/7pByYNfcl23qC21aAQ0aIaZOo2ZOvhFEyJdBLJClYZ9i+Pmrz7sUQgg/MwbJa2RZTkygg==
  dependencies:
    core-js "^2.6.5"
    regenerator-runtime "^0.13.2"

"@types/node@*":
  version "12.7.10"
  resolved "https://registry.yarnpkg.com/@types/node/-/node-12.7.10.tgz#942c128c37b5d780aff5441fd457cd7ffdc18b36"
  integrity sha512-ObiPa43kJCkgjG+7usRCoxWhqKCmT5JWvi+8bg54KMkP2CvTliYLmKR9uHLaz+51JDOX/8MjWc6Xz18xHTs7XQ==

any-promise@^1.3.0:
  version "1.3.0"
  resolved "https://registry.yarnpkg.com/any-promise/-/any-promise-1.3.0.tgz#abc6afeedcea52e809cdc0376aed3ce39635d17f"
  integrity sha1-q8av7tzqUugJzcA3au0845Y10X8=

bluebird@^3.5.0:
  version "3.7.0"
  resolved "https://registry.yarnpkg.com/bluebird/-/bluebird-3.7.0.tgz#56a6a886e03f6ae577cffedeb524f8f2450293cf"
  integrity sha512-aBQ1FxIa7kSWCcmKHlcHFlT2jt6J/l4FzC7KcPELkOJOsPOb/bccdhmIrKDfXhwFrmc7vDoDrrepFvGqjyXGJg==

cls-bluebird@^2.1.0:
  version "2.1.0"
  resolved "https://registry.yarnpkg.com/cls-bluebird/-/cls-bluebird-2.1.0.tgz#37ef1e080a8ffb55c2f4164f536f1919e7968aee"
  integrity sha1-N+8eCAqP+1XC9BZPU28ZGeeWiu4=
  dependencies:
    is-bluebird "^1.0.2"
    shimmer "^1.1.0"

complex.js@2.0.11:
  version "2.0.11"
  resolved "https://registry.yarnpkg.com/complex.js/-/complex.js-2.0.11.tgz#09a873fbf15ffd8c18c9c2201ccef425c32b8bf1"
  integrity sha512-6IArJLApNtdg1P1dFtn3dnyzoZBEF0MwMnrfF1exSBRpZYoy4yieMkpZhQDC0uwctw48vii0CFVyHfpgZ/DfGw==

core-js@^2.6.5:
  version "2.6.9"
  resolved "https://registry.yarnpkg.com/core-js/-/core-js-2.6.9.tgz#6b4b214620c834152e179323727fc19741b084f2"
  integrity sha512-HOpZf6eXmnl7la+cUdMnLvUxKNqLUzJvgIziQ0DiF3JwSImNphIqdGqzj6hIKyX04MmV0poclQ7+wjWvxQyR2A==

debug@^4.1.1:
  version "4.1.1"
  resolved "https://registry.yarnpkg.com/debug/-/debug-4.1.1.tgz#3b72260255109c6b589cee050f1d516139664791"
  integrity sha512-pYAIzeRo8J6KPEaJ0VWOh5Pzkbw/RetuzehGM7QRRX5he4fPHx2rdKMB256ehJCkX+XRQm16eZLqLNS8RSZXZw==
  dependencies:
    ms "^2.1.1"

decimal.js@10.2.0:
  version "10.2.0"
  resolved "https://registry.yarnpkg.com/decimal.js/-/decimal.js-10.2.0.tgz#39466113a9e036111d02f82489b5fd6b0b5ed231"
  integrity sha512-vDPw+rDgn3bZe1+F/pyEwb1oMG2XTlRVgAa6B4KccTEpYgF8w6eQllVbQcfIJnZyvzFtFpxnpGtx8dd7DJp/Rw==

dottie@^2.0.0:
  version "2.0.1"
  resolved "https://registry.yarnpkg.com/dottie/-/dottie-2.0.1.tgz#697ad9d72004db7574d21f892466a3c285893659"
  integrity sha512-ch5OQgvGDK2u8pSZeSYAQaV/lczImd7pMJ7BcEPXmnFVjy4yJIzP6CsODJUTH8mg1tyH1Z2abOiuJO3DjZ/GBw==

escape-latex@1.2.0:
  version "1.2.0"
  resolved "https://registry.yarnpkg.com/escape-latex/-/escape-latex-1.2.0.tgz#07c03818cf7dac250cce517f4fda1b001ef2bca1"
  integrity sha512-nV5aVWW1K0wEiUIEdZ4erkGGH8mDxGyxSeqPzRNtWP7ataw+/olFObw7hujFWlVjNsaDFw5VZ5NzVSIqRgfTiw==

fraction.js@4.0.12:
  version "4.0.12"
  resolved "https://registry.yarnpkg.com/fraction.js/-/fraction.js-4.0.12.tgz#0526d47c65a5fb4854df78bc77f7bec708d7b8c3"
  integrity sha512-8Z1K0VTG4hzYY7kA/1sj4/r1/RWLBD3xwReT/RCrUCbzPszjNQCCsy3ktkU/eaEqX3MYa4pY37a52eiBlPMlhA==

inflection@1.12.0:
  version "1.12.0"
  resolved "https://registry.yarnpkg.com/inflection/-/inflection-1.12.0.tgz#a200935656d6f5f6bc4dc7502e1aecb703228416"
  integrity sha1-ogCTVlbW9fa8TcdQLhrstwMihBY=

is-bluebird@^1.0.2:
  version "1.0.2"
  resolved "https://registry.yarnpkg.com/is-bluebird/-/is-bluebird-1.0.2.tgz#096439060f4aa411abee19143a84d6a55346d6e2"
  integrity sha1-CWQ5Bg9KpBGr7hkUOoTWpVNG1uI=

javascript-natural-sort@0.7.1:
  version "0.7.1"
  resolved "https://registry.yarnpkg.com/javascript-natural-sort/-/javascript-natural-sort-0.7.1.tgz#f9e2303d4507f6d74355a73664d1440fb5a0ef59"
  integrity sha1-+eIwPUUH9tdDVac2ZNFED7Wg71k=

lodash@^4.17.15:
  version "4.17.15"
  resolved "https://registry.yarnpkg.com/lodash/-/lodash-4.17.15.tgz#b447f6670a0455bbfeedd11392eff330ea097548"
  integrity sha512-8xOcRHvCjnocdS5cpwXQXVzmmh5e5+saE2QGoeQmbKmRS6J3VQppPOIt0MnmE+4xlZoumy0GPG0D0MVIQbNA1A==

mathjs@^5.2.3:
  version "5.10.3"
  resolved "https://registry.yarnpkg.com/mathjs/-/mathjs-5.10.3.tgz#e998885f932ea8886db8b40f7f5b199f89b427f1"
  integrity sha512-ySjg30BC3dYjQm73ILZtwcWzFJde0VU6otkXW/57IjjuYRa3Qaf0Kb8pydEuBZYtqW2OxreAtsricrAmOj3jIw==
  dependencies:
    complex.js "2.0.11"
    decimal.js "10.2.0"
    escape-latex "1.2.0"
    fraction.js "4.0.12"
    javascript-natural-sort "0.7.1"
    seed-random "2.2.0"
    tiny-emitter "2.1.0"
    typed-function "1.1.0"

moment-timezone@^0.5.21:
  version "0.5.26"
  resolved "https://registry.yarnpkg.com/moment-timezone/-/moment-timezone-0.5.26.tgz#c0267ca09ae84631aa3dc33f65bedbe6e8e0d772"
  integrity sha512-sFP4cgEKTCymBBKgoxZjYzlSovC20Y6J7y3nanDc5RoBIXKlZhoYwBoZGe3flwU6A372AcRwScH8KiwV6zjy1g==
  dependencies:
    moment ">= 2.9.0"

"moment@>= 2.9.0", moment@^2.24.0:
  version "2.24.0"
  resolved "https://registry.yarnpkg.com/moment/-/moment-2.24.0.tgz#0d055d53f5052aa653c9f6eb68bb5d12bf5c2b5b"
  integrity sha512-bV7f+6l2QigeBBZSM/6yTNq4P2fNpSWj/0e7jQcy87A8e7o2nAfP/34/2ky5Vw4B9S446EtIhodAzkFCcR4dQg==

ms@^2.1.1:
  version "2.1.2"
  resolved "https://registry.yarnpkg.com/ms/-/ms-2.1.2.tgz#d09d1f357b443f493382a8eb3ccd183872ae6009"
  integrity sha512-sGkPx+VjMtmA6MX27oA4FBFELFCZZ4S4XqeGOXCv68tT+jb3vk/RyaKWP0PTKyWtmLSM0b+adUTEvbs1PEaH2w==

regenerator-runtime@^0.13.2:
  version "0.13.3"
  resolved "https://registry.yarnpkg.com/regenerator-runtime/-/regenerator-runtime-0.13.3.tgz#7cf6a77d8f5c6f60eb73c5fc1955b2ceb01e6bf5"
  integrity sha512-naKIZz2GQ8JWh///G7L3X6LaQUAMp2lvb1rvwwsURe/VXwD6VMfr+/1NuNw3ag8v2kY1aQ/go5SNn79O9JU7yw==

retry-as-promised@^3.2.0:
  version "3.2.0"
  resolved "https://registry.yarnpkg.com/retry-as-promised/-/retry-as-promised-3.2.0.tgz#769f63d536bec4783549db0777cb56dadd9d8543"
  integrity sha512-CybGs60B7oYU/qSQ6kuaFmRd9sTZ6oXSc0toqePvV74Ac6/IFZSI1ReFQmtCN+uvW1Mtqdwpvt/LGOiCBAY2Mg==
  dependencies:
    any-promise "^1.3.0"

seed-random@2.2.0:
  version "2.2.0"
  resolved "https://registry.yarnpkg.com/seed-random/-/seed-random-2.2.0.tgz#2a9b19e250a817099231a5b99a4daf80b7fbed54"
  integrity sha1-KpsZ4lCoFwmSMaW5mk2vgLf77VQ=

semver@^6.3.0:
  version "6.3.0"
  resolved "https://registry.yarnpkg.com/semver/-/semver-6.3.0.tgz#ee0a64c8af5e8ceea67687b133761e1becbd1d3d"
  integrity sha512-b39TBaTSfV6yBrapU89p5fKekE2m/NwnDocOVruQFS1/veMgdzuPcnOM34M6CwxW8jH/lxEa5rBoDeUwu5HHTw==

sequelize-pool@^2.3.0:
  version "2.3.0"
  resolved "https://registry.yarnpkg.com/sequelize-pool/-/sequelize-pool-2.3.0.tgz#64f1fe8744228172c474f530604b6133be64993d"
  integrity sha512-Ibz08vnXvkZ8LJTiUOxRcj1Ckdn7qafNZ2t59jYHMX1VIebTAOYefWdRYFt6z6+hy52WGthAHAoLc9hvk3onqA==

sequelize@^5.19.0:
  version "5.19.2"
  resolved "https://registry.yarnpkg.com/sequelize/-/sequelize-5.19.2.tgz#65a37cfc18b3ccc606f847f652c5f488b7a60f05"
  integrity sha512-9zDi0rctHUgS48luDeJ+ajDvKEy4j5t8/J5lBIOYoYee99479nXXjYMUks/25qDwT1ECEXcEpC1dJUJQvHj1Cw==
  dependencies:
    bluebird "^3.5.0"
    cls-bluebird "^2.1.0"
    debug "^4.1.1"
    dottie "^2.0.0"
    inflection "1.12.0"
    lodash "^4.17.15"
    moment "^2.24.0"
    moment-timezone "^0.5.21"
    retry-as-promised "^3.2.0"
    semver "^6.3.0"
    sequelize-pool "^2.3.0"
    toposort-class "^1.0.1"
    uuid "^3.3.3"
    validator "^10.11.0"
    wkx "^0.4.8"

shimmer@^1.1.0:
  version "1.2.1"
  resolved "https://registry.yarnpkg.com/shimmer/-/shimmer-1.2.1.tgz#610859f7de327b587efebf501fb43117f9aff337"
  integrity sha512-sQTKC1Re/rM6XyFM6fIAGHRPVGvyXfgzIDvzoq608vM+jeyVD0Tu1E6Np0Kc2zAIFWIj963V2800iF/9LPieQw==

tiny-emitter@2.1.0:
  version "2.1.0"
  resolved "https://registry.yarnpkg.com/tiny-emitter/-/tiny-emitter-2.1.0.tgz#1d1a56edfc51c43e863cbb5382a72330e3555423"
  integrity sha512-NB6Dk1A9xgQPMoGqC5CVXn123gWyte215ONT5Pp5a0yt4nlEoO1ZWeCwpncaekPHXO60i47ihFnZPiRPjRMq4Q==

toposort-class@^1.0.1:
  version "1.0.1"
  resolved "https://registry.yarnpkg.com/toposort-class/-/toposort-class-1.0.1.tgz#7ffd1f78c8be28c3ba45cd4e1a3f5ee193bd9988"
  integrity sha1-f/0feMi+KMO6Rc1OGj9e4ZO9mYg=

typed-function@1.1.0:
  version "1.1.0"
  resolved "https://registry.yarnpkg.com/typed-function/-/typed-function-1.1.0.tgz#ea149706e0fb42aca1791c053a6d94ccd6c4fdcb"
  integrity sha512-TuQzwiT4DDg19beHam3E66oRXhyqlyfgjHB/5fcvsRXbfmWPJfto9B4a0TBdTrQAPGlGmXh/k7iUI+WsObgORA==

uuid@^3.3.3:
  version "3.3.3"
  resolved "https://registry.yarnpkg.com/uuid/-/uuid-3.3.3.tgz#4568f0216e78760ee1dbf3a4d2cf53e224112866"
  integrity sha512-pW0No1RGHgzlpHJO1nsVrHKpOEIxkGg1xB+v0ZmdNH5OAeAwzAVrCnI2/6Mtx+Uys6iaylxa+D3g4j63IKKjSQ==

validator@^10.11.0:
  version "10.11.0"
  resolved "https://registry.yarnpkg.com/validator/-/validator-10.11.0.tgz#003108ea6e9a9874d31ccc9e5006856ccd76b228"
  integrity sha512-X/p3UZerAIsbBfN/IwahhYaBbY68EN/UQBWHtsbXGT5bfrH/p4NQzUCG1kF/rtKaNpnJ7jAu6NGTdSNtyNIXMw==

wkx@^0.4.8:
  version "0.4.8"
  resolved "https://registry.yarnpkg.com/wkx/-/wkx-0.4.8.tgz#a092cf088d112683fdc7182fd31493b2c5820003"
  integrity sha512-ikPXMM9IR/gy/LwiOSqWlSL3X/J5uk9EO2hHNRXS41eTLXaUFEVw9fn/593jW/tE5tedNg8YjT5HkCa4FqQZyQ==
  dependencies:
    "@types/node" "*"

xregexp@^4.2.0:
  version "4.2.4"
  resolved "https://registry.yarnpkg.com/xregexp/-/xregexp-4.2.4.tgz#02a4aea056d65a42632c02f0233eab8e4d7e57ed"
  integrity sha512-sO0bYdYeJAJBcJA8g7MJJX7UrOZIfJPd8U2SC7B2Dd/J24U0aQNoGp33shCaBSWeb0rD5rh6VBUIXOkGal1TZA==
  dependencies:
    "@babel/runtime-corejs2" "^7.2.0"
